
Microsoft Visual Studio Solution File, Format Version 12.00
# Visual Studio Version 16
VisualStudioVersion = 16.0.31205.134
MinimumVisualStudioVersion = 10.0.40219.1
Project("{D954291E-2A0B-460D-934E-DC6B0785DB48}") = "AecTech.SharedProject", "AecTech.SharedProject\AecTech.SharedProject.shproj", "{D4C7EB66-D4D7-4698-827C-1BFE9A54E096}"
EndProject
Project("{FAE04EC0-301F-11D3-BF4B-00C04F79EFBC}") = "AecTech.2022", "AecTech.2022\AecTech.2022.csproj", "{A69D24CB-F406-4F1D-B795-39BCBF554B3B}"
EndProject
Project("{FAE04EC0-301F-11D3-BF4B-00C04F79EFBC}") = "AecTech.2021", "AecTech.2021\AecTech.2021.csproj", "{12F394F5-E9FF-4D58-8FCB-1FEF55F958E2}"
EndProject
Project("{FAE04EC0-301F-11D3-BF4B-00C04F79EFBC}") = "AecTech.Core", "AecTech.Core\AecTech.Core.csproj", "{58B192F9-AF9D-463B-AEAB-AE888C4192F1}"
EndProject
Global
	GlobalSection(SharedMSBuildProjectFiles) = preSolution
		AecTech.SharedProject\AecTech.SharedProject.projitems*{12f394f5-e9ff-4d58-8fcb-1fef55f958e2}*SharedItemsImports = 4
		AecTech.SharedProject\AecTech.SharedProject.projitems*{a69d24cb-f406-4f1d-b795-39bcbf554b3b}*SharedItemsImports = 4
		AecTech.SharedProject\AecTech.SharedProject.projitems*{d4c7eb66-d4d7-4698-827c-1bfe9a54e096}*SharedItemsImports = 13
	EndGlobalSection
	GlobalSection(SolutionConfigurationPlatforms) = preSolution
		Debug|Any CPU = Debug|Any CPU
		Release|Any CPU = Release|Any CPU
	EndGlobalSection
	GlobalSection(ProjectConfigurationPlatforms) = postSolution
		{A69D24CB-F406-4F1D-B795-39BCBF554B3B}.Debug|Any CPU.ActiveCfg = Debug|Any CPU
		{A69D24CB-F406-4F1D-B795-39BCBF554B3B}.Debug|Any CPU.Build.0 = Debug|Any CPU
		{A69D24CB-F406-4F1D-B795-39BCBF554B3B}.Release|Any CPU.ActiveCfg = Release|Any CPU
		{A69D24CB-F406-4F1D-B795-39BCBF554B3B}.Release|Any CPU.Build.0 = Release|Any CPU
		{12F394F5-E9FF-4D58-8FCB-1FEF55F958E2}.Debug|Any CPU.ActiveCfg = Debug|Any CPU
		{12F394F5-E9FF-4D58-8FCB-1FEF55F958E2}.Debug|Any CPU.Build.0 = Debug|Any CPU
		{12F394F5-E9FF-4D58-8FCB-1FEF55F958E2}.Release|Any CPU.ActiveCfg = Release|Any CPU
		{12F394F5-E9FF-4D58-8FCB-1FEF55F958E2}.Release|Any CPU.Build.0 = Release|Any CPU
		{58B192F9-AF9D-463B-AEAB-AE888C4192F1}.Debug|Any CPU.ActiveCfg = Debug|Any CPU
		{58B192F9-AF9D-463B-AEAB-AE888C4192F1}.Debug|Any CPU.Build.0 = Debug|Any CPU
		{58B192F9-AF9D-463B-AEAB-AE888C4192F1}.Release|Any CPU.ActiveCfg = Release|Any CPU
		{58B192F9-AF9D-463B-AEAB-AE888C4192F1}.Release|Any CPU.Build.0 = Release|Any CPU
	EndGlobalSection
	GlobalSection(SolutionProperties) = preSolution
		HideSolutionNode = FALSE
	EndGlobalSection
	GlobalSection(ExtensibilityGlobals) = postSolution
		SolutionGuid = {B5C8E38F-E0F1-47D1-9CC3-B9F3C119D3D3}
	EndGlobalSection
EndGlobal
